<?xml version="1.0" encoding="utf-8"?>
<Project ToolsVersion="4.0" xmlns="http://schemas.microsoft.com/developer/msbuild/2003">
  <ItemGroup>
    <Filter Include="Archivos de origen">
      <UniqueIdentifier>{4FC737F1-C7A5-4376-A066-2A32D752A2FF}</UniqueIdentifier>
      <Extensions>cpp;c;cc;cxx;def;odl;idl;hpj;bat;asm;asmx</Extensions>
    </Filter>
    <Filter Include="Archivos de encabezado">
      <UniqueIdentifier>{93995380-89BD-4b04-88EB-625FBE52EBFB}</UniqueIdentifier>
      <Extensions>h;hh;hpp;hxx;hm;inl;inc;xsd</Extensions>
    </Filter>
    <Filter Include="Archivos de recursos">
      <UniqueIdentifier>{67DA6AB6-F800-4c08-8B7A-83BB121AAD01}</UniqueIdentifier>
      <Extensions>rc;ico;cur;bmp;dlg;rc2;rct;bin;rgs;gif;jpg;jpeg;jpe;resx;tiff;tif;png;wav;mfcribbon-ms</Extensions>
    </Filter>
    <Filter Include="Archivos de encabezado\source">
      <UniqueIdentifier>{44b8b6bd-dca3-436b-b8b8-6d9cba3d9785}</UniqueIdentifier>
    </Filter>
    <Filter Include="Archivos de encabezado\test">
      <UniqueIdentifier>{54f9bc25-b64e-45a2-836d-c191640bc856}</UniqueIdentifier>
    </Filter>
    <Filter Include="Archivos de origen\source">
      <UniqueIdentifier>{e5b55244-4324-4f33-a0c5-c3c0a977396f}</UniqueIdentifier>
    </Filter>
    <Filter Include="Archivos de origen\test">
      <UniqueIdentifier>{49f63166-23fb-4a07-a9a0-5f433638d48f}</UniqueIdentifier>
    </Filter>
  </ItemGroup>
  <ItemGroup>
    <ClInclude Include="source\carta.h">
      <Filter>Archivos de encabezado\source</Filter>
    </ClInclude>
    <ClInclude Include="source\joc.h">
      <Filter>Archivos de encabezado\source</Filter>
    </ClInclude>
    <ClInclude Include="source\jugador.h">
      <Filter>Archivos de encabezado\source</Filter>
    </ClInclude>
    <ClInclude Include="source\moviment.h">
      <Filter>Archivos de encabezado\source</Filter>
    </ClInclude>
    <ClInclude Include="test\json.hpp">
      <Filter>Archivos de encabezado\test</Filter>
    </ClInclude>
  </ItemGroup>
  <ItemGroup>
    <ClCompile Include="source\jugador.cpp">
      <Filter>Archivos de origen\source</Filter>
    </ClCompile>
    <ClCompile Include="source\joc.cpp">
      <Filter>Archivos de origen\source</Filter>
    </ClCompile>
    <ClCompile Include="test\test.cpp">
      <Filter>Archivos de origen\test</Filter>
    </ClCompile>
  </ItemGroup>
</Project>